// !$*UTF8*$!
{
	archiveVersion = 1;
	classes = {
	};
	objectVersion = 50;
	objects = {

/* Begin PBXBuildFile section */
		A180B38625B8545B00774DBC /* HanaleiFill-Regular.ttf in Resources */ = {isa = PBXBuildFile; fileRef = A180B38525B8545B00774DBC /* HanaleiFill-Regular.ttf */; };
		A180B38925B8546700774DBC /* ScoreModel.swift in Sources */ = {isa = PBXBuildFile; fileRef = A180B38825B8546700774DBC /* ScoreModel.swift */; };
		A180B38B25B874B400774DBC /* Player.swift in Sources */ = {isa = PBXBuildFile; fileRef = A180B38A25B874B400774DBC /* Player.swift */; };
		D677DA1725A369AF0075C3F7 /* AppDelegate.swift in Sources */ = {isa = PBXBuildFile; fileRef = D677DA1625A369AF0075C3F7 /* AppDelegate.swift */; };
		D677DA1925A369AF0075C3F7 /* ViewController.swift in Sources */ = {isa = PBXBuildFile; fileRef = D677DA1825A369AF0075C3F7 /* ViewController.swift */; };
		D677DA1C25A369AF0075C3F7 /* Main.storyboard in Resources */ = {isa = PBXBuildFile; fileRef = D677DA1A25A369AF0075C3F7 /* Main.storyboard */; };
		D677DA1E25A369B00075C3F7 /* Assets.xcassets in Resources */ = {isa = PBXBuildFile; fileRef = D677DA1D25A369B00075C3F7 /* Assets.xcassets */; };
		D677DA2125A369B00075C3F7 /* LaunchScreen.storyboard in Resources */ = {isa = PBXBuildFile; fileRef = D677DA1F25A369B00075C3F7 /* LaunchScreen.storyboard */; };
		D677DA2D25A36C7D0075C3F7 /* FirstView.swift in Sources */ = {isa = PBXBuildFile; fileRef = D677DA2C25A36C7D0075C3F7 /* FirstView.swift */; };
		D677DA2F25A36C9F0075C3F7 /* ChatView.swift in Sources */ = {isa = PBXBuildFile; fileRef = D677DA2E25A36C9F0075C3F7 /* ChatView.swift */; };
		D677DA3125A36CE60075C3F7 /* GameView.swift in Sources */ = {isa = PBXBuildFile; fileRef = D677DA3025A36CE60075C3F7 /* GameView.swift */; };
		D677DA3325A36D5E0075C3F7 /* ScoreView.swift in Sources */ = {isa = PBXBuildFile; fileRef = D677DA3225A36D5E0075C3F7 /* ScoreView.swift */; };
		D686095A25B03A670013AED3 /* Road.swift in Sources */ = {isa = PBXBuildFile; fileRef = D686095925B03A670013AED3 /* Road.swift */; };
		D686095C25B03B240013AED3 /* Block.swift in Sources */ = {isa = PBXBuildFile; fileRef = D686095B25B03B240013AED3 /* Block.swift */; };
		D686095E25B03F980013AED3 /* SimpleRoad.swift in Sources */ = {isa = PBXBuildFile; fileRef = D686095D25B03F980013AED3 /* SimpleRoad.swift */; };
		D686096025B076270013AED3 /* RoadRock.swift in Sources */ = {isa = PBXBuildFile; fileRef = D686095F25B076270013AED3 /* RoadRock.swift */; };
/* End PBXBuildFile section */

/* Begin PBXFileReference section */
		A180B38525B8545B00774DBC /* HanaleiFill-Regular.ttf */ = {isa = PBXFileReference; lastKnownFileType = file; path = "HanaleiFill-Regular.ttf"; sourceTree = "<group>"; };
		A180B38825B8546700774DBC /* ScoreModel.swift */ = {isa = PBXFileReference; fileEncoding = 4; lastKnownFileType = sourcecode.swift; path = ScoreModel.swift; sourceTree = "<group>"; };
		A180B38A25B874B400774DBC /* Player.swift */ = {isa = PBXFileReference; lastKnownFileType = sourcecode.swift; name = Player.swift; path = "TempleRunner-IOS/Models/Player.swift"; sourceTree = SOURCE_ROOT; };
		D677DA1325A369AF0075C3F7 /* TempleRunner-IOS.app */ = {isa = PBXFileReference; explicitFileType = wrapper.application; includeInIndex = 0; path = "TempleRunner-IOS.app"; sourceTree = BUILT_PRODUCTS_DIR; };
		D677DA1625A369AF0075C3F7 /* AppDelegate.swift */ = {isa = PBXFileReference; lastKnownFileType = sourcecode.swift; path = AppDelegate.swift; sourceTree = "<group>"; };
		D677DA1825A369AF0075C3F7 /* ViewController.swift */ = {isa = PBXFileReference; lastKnownFileType = sourcecode.swift; path = ViewController.swift; sourceTree = "<group>"; };
		D677DA1B25A369AF0075C3F7 /* Base */ = {isa = PBXFileReference; lastKnownFileType = file.storyboard; name = Base; path = Base.lproj/Main.storyboard; sourceTree = "<group>"; };
		D677DA1D25A369B00075C3F7 /* Assets.xcassets */ = {isa = PBXFileReference; lastKnownFileType = folder.assetcatalog; path = Assets.xcassets; sourceTree = "<group>"; };
		D677DA2025A369B00075C3F7 /* Base */ = {isa = PBXFileReference; lastKnownFileType = file.storyboard; name = Base; path = Base.lproj/LaunchScreen.storyboard; sourceTree = "<group>"; };
		D677DA2225A369B00075C3F7 /* Info.plist */ = {isa = PBXFileReference; lastKnownFileType = text.plist.xml; path = Info.plist; sourceTree = "<group>"; };
		D677DA2C25A36C7D0075C3F7 /* FirstView.swift */ = {isa = PBXFileReference; lastKnownFileType = sourcecode.swift; path = FirstView.swift; sourceTree = "<group>"; };
		D677DA2E25A36C9F0075C3F7 /* ChatView.swift */ = {isa = PBXFileReference; lastKnownFileType = sourcecode.swift; path = ChatView.swift; sourceTree = "<group>"; };
		D677DA3025A36CE60075C3F7 /* GameView.swift */ = {isa = PBXFileReference; lastKnownFileType = sourcecode.swift; path = GameView.swift; sourceTree = "<group>"; };
		D677DA3225A36D5E0075C3F7 /* ScoreView.swift */ = {isa = PBXFileReference; lastKnownFileType = sourcecode.swift; path = ScoreView.swift; sourceTree = "<group>"; };
		D686095925B03A670013AED3 /* Road.swift */ = {isa = PBXFileReference; lastKnownFileType = sourcecode.swift; path = Road.swift; sourceTree = SOURCE_ROOT; };
		D686095B25B03B240013AED3 /* Block.swift */ = {isa = PBXFileReference; lastKnownFileType = sourcecode.swift; path = Block.swift; sourceTree = SOURCE_ROOT; };
		D686095D25B03F980013AED3 /* SimpleRoad.swift */ = {isa = PBXFileReference; lastKnownFileType = sourcecode.swift; path = SimpleRoad.swift; sourceTree = SOURCE_ROOT; };
		D686095F25B076270013AED3 /* RoadRock.swift */ = {isa = PBXFileReference; lastKnownFileType = sourcecode.swift; path = RoadRock.swift; sourceTree = SOURCE_ROOT; };
/* End PBXFileReference section */

/* Begin PBXFrameworksBuildPhase section */
		D677DA1025A369AF0075C3F7 /* Frameworks */ = {
			isa = PBXFrameworksBuildPhase;
			buildActionMask = 2147483647;
			files = (
			);
			runOnlyForDeploymentPostprocessing = 0;
		};
/* End PBXFrameworksBuildPhase section */

/* Begin PBXGroup section */
		A180B38425B8545B00774DBC /* Font */ = {
			isa = PBXGroup;
			children = (
				A180B38525B8545B00774DBC /* HanaleiFill-Regular.ttf */,
			);
			path = Font;
			sourceTree = "<group>";
		};
		A180B38725B8546700774DBC /* Models */ = {
			isa = PBXGroup;
			children = (
				A180B38825B8546700774DBC /* ScoreModel.swift */,
			);
			path = Models;
			sourceTree = "<group>";
		};
		D677DA0A25A369AF0075C3F7 = {
			isa = PBXGroup;
			children = (
				D677DA1525A369AF0075C3F7 /* TempleRunner-IOS */,
				D677DA1425A369AF0075C3F7 /* Products */,
			);
			sourceTree = "<group>";
		};
		D677DA1425A369AF0075C3F7 /* Products */ = {
			isa = PBXGroup;
			children = (
				D677DA1325A369AF0075C3F7 /* TempleRunner-IOS.app */,
			);
			name = Products;
			sourceTree = "<group>";
		};
		D677DA1525A369AF0075C3F7 /* TempleRunner-IOS */ = {
			isa = PBXGroup;
			children = (
				A180B38725B8546700774DBC /* Models */,
				A180B38425B8545B00774DBC /* Font */,
				D677DA2925A36BE90075C3F7 /* Views */,
				D677DA2825A36BD70075C3F7 /* Data */,
				D677DA1625A369AF0075C3F7 /* AppDelegate.swift */,
				D677DA1825A369AF0075C3F7 /* ViewController.swift */,
				D677DA1A25A369AF0075C3F7 /* Main.storyboard */,
				D677DA1D25A369B00075C3F7 /* Assets.xcassets */,
				D677DA1F25A369B00075C3F7 /* LaunchScreen.storyboard */,
				D677DA2225A369B00075C3F7 /* Info.plist */,
			);
			path = "TempleRunner-IOS";
			sourceTree = "<group>";
		};
		D677DA2825A36BD70075C3F7 /* Data */ = {
			isa = PBXGroup;
			children = (
			);
			path = Data;
			sourceTree = "<group>";
		};
		D677DA2925A36BE90075C3F7 /* Views */ = {
			isa = PBXGroup;
			children = (
				D677DA2B25A36C0D0075C3F7 /* Model */,
				D677DA2C25A36C7D0075C3F7 /* FirstView.swift */,
				D677DA2E25A36C9F0075C3F7 /* ChatView.swift */,
				D677DA3025A36CE60075C3F7 /* GameView.swift */,
				D677DA3225A36D5E0075C3F7 /* ScoreView.swift */,
			);
			path = Views;
			sourceTree = "<group>";
		};
		D677DA2B25A36C0D0075C3F7 /* Model */ = {
			isa = PBXGroup;
			children = (
				D686095925B03A670013AED3 /* Road.swift */,
				D686095B25B03B240013AED3 /* Block.swift */,
				D686095D25B03F980013AED3 /* SimpleRoad.swift */,
				D686095F25B076270013AED3 /* RoadRock.swift */,
				A180B38A25B874B400774DBC /* Player.swift */,
			);
			path = Model;
			sourceTree = "<group>";
		};
/* End PBXGroup section */

/* Begin PBXNativeTarget section */
		D677DA1225A369AF0075C3F7 /* TempleRunner-IOS */ = {
			isa = PBXNativeTarget;
			buildConfigurationList = D677DA2525A369B00075C3F7 /* Build configuration list for PBXNativeTarget "TempleRunner-IOS" */;
			buildPhases = (
				D677DA0F25A369AF0075C3F7 /* Sources */,
				D677DA1025A369AF0075C3F7 /* Frameworks */,
				D677DA1125A369AF0075C3F7 /* Resources */,
			);
			buildRules = (
			);
			dependencies = (
			);
			name = "TempleRunner-IOS";
			productName = "TempleRunner-IOS";
			productReference = D677DA1325A369AF0075C3F7 /* TempleRunner-IOS.app */;
			productType = "com.apple.product-type.application";
		};
/* End PBXNativeTarget section */

/* Begin PBXProject section */
		D677DA0B25A369AF0075C3F7 /* Project object */ = {
			isa = PBXProject;
			attributes = {
				LastSwiftUpdateCheck = 1030;
				LastUpgradeCheck = 1030;
				ORGANIZATIONNAME = UPMC;
				TargetAttributes = {
					D677DA1225A369AF0075C3F7 = {
						CreatedOnToolsVersion = 10.3;
					};
				};
			};
			buildConfigurationList = D677DA0E25A369AF0075C3F7 /* Build configuration list for PBXProject "TempleRunner-IOS" */;
			compatibilityVersion = "Xcode 9.3";
			developmentRegion = en;
			hasScannedForEncodings = 0;
			knownRegions = (
				en,
				Base,
			);
			mainGroup = D677DA0A25A369AF0075C3F7;
			productRefGroup = D677DA1425A369AF0075C3F7 /* Products */;
			projectDirPath = "";
			projectRoot = "";
			targets = (
				D677DA1225A369AF0075C3F7 /* TempleRunner-IOS */,
			);
		};
/* End PBXProject section */

/* Begin PBXResourcesBuildPhase section */
		D677DA1125A369AF0075C3F7 /* Resources */ = {
			isa = PBXResourcesBuildPhase;
			buildActionMask = 2147483647;
			files = (
				D677DA2125A369B00075C3F7 /* LaunchScreen.storyboard in Resources */,
				D677DA1E25A369B00075C3F7 /* Assets.xcassets in Resources */,
				D677DA1C25A369AF0075C3F7 /* Main.storyboard in Resources */,
				A180B38625B8545B00774DBC /* HanaleiFill-Regular.ttf in Resources */,
			);
			runOnlyForDeploymentPostprocessing = 0;
		};
/* End PBXResourcesBuildPhase section */

/* Begin PBXSourcesBuildPhase section */
		D677DA0F25A369AF0075C3F7 /* Sources */ = {
			isa = PBXSourcesBuildPhase;
			buildActionMask = 2147483647;
			files = (
				D677DA2F25A36C9F0075C3F7 /* ChatView.swift in Sources */,
				A180B38925B8546700774DBC /* ScoreModel.swift in Sources */,
				D686095C25B03B240013AED3 /* Block.swift in Sources */,
				D677DA1925A369AF0075C3F7 /* ViewController.swift in Sources */,
				A180B38B25B874B400774DBC /* Player.swift in Sources */,
				D677DA2D25A36C7D0075C3F7 /* FirstView.swift in Sources */,
				D686095A25B03A670013AED3 /* Road.swift in Sources */,
				D677DA1725A369AF0075C3F7 /* AppDelegate.swift in Sources */,
				D686096025B076270013AED3 /* RoadRock.swift in Sources */,
				D686095E25B03F980013AED3 /* SimpleRoad.swift in Sources */,
				D677DA3125A36CE60075C3F7 /* GameView.swift in Sources */,
				D677DA3325A36D5E0075C3F7 /* ScoreView.swift in Sources */,
			);
			runOnlyForDeploymentPostprocessing = 0;
		};
/* End PBXSourcesBuildPhase section */

/* Begin PBXVariantGroup section */
		D677DA1A25A369AF0075C3F7 /* Main.storyboard */ = {
			isa = PBXVariantGroup;
			children = (
				D677DA1B25A369AF0075C3F7 /* Base */,
			);
			name = Main.storyboard;
			sourceTree = "<group>";
		};
		D677DA1F25A369B00075C3F7 /* LaunchScreen.storyboard */ = {
			isa = PBXVariantGroup;
			children = (
				D677DA2025A369B00075C3F7 /* Base */,
			);
			name = LaunchScreen.storyboard;
			sourceTree = "<group>";
		};
/* End PBXVariantGroup section */

/* Begin XCBuildConfiguration section */
		D677DA2325A369B00075C3F7 /* Debug */ = {
			isa = XCBuildConfiguration;
			buildSettings = {
				ALWAYS_SEARCH_USER_PATHS = NO;
				CLANG_ANALYZER_NONNULL = YES;
				CLANG_ANALYZER_NUMBER_OBJECT_CONVERSION = YES_AGGRESSIVE;
				CLANG_CXX_LANGUAGE_STANDARD = "gnu++14";
				CLANG_CXX_LIBRARY = "libc++";
				CLANG_ENABLE_MODULES = YES;
				CLANG_ENABLE_OBJC_ARC = YES;
				CLANG_ENABLE_OBJC_WEAK = YES;
				CLANG_WARN_BLOCK_CAPTURE_AUTORELEASING = YES;
				CLANG_WARN_BOOL_CONVERSION = YES;
				CLANG_WARN_COMMA = YES;
				CLANG_WARN_CONSTANT_CONVERSION = YES;
				CLANG_WARN_DEPRECATED_OBJC_IMPLEMENTATIONS = YES;
				CLANG_WARN_DIRECT_OBJC_ISA_USAGE = YES_ERROR;
				CLANG_WARN_DOCUMENTATION_COMMENTS = YES;
				CLANG_WARN_EMPTY_BODY = YES;
				CLANG_WARN_ENUM_CONVERSION = YES;
				CLANG_WARN_INFINITE_RECURSION = YES;
				CLANG_WARN_INT_CONVERSION = YES;
				CLANG_WARN_NON_LITERAL_NULL_CONVERSION = YES;
				CLANG_WARN_OBJC_IMPLICIT_RETAIN_SELF = YES;
				CLANG_WARN_OBJC_LITERAL_CONVERSION = YES;
				CLANG_WARN_OBJC_ROOT_CLASS = YES_ERROR;
				CLANG_WARN_RANGE_LOOP_ANALYSIS = YES;
				CLANG_WARN_STRICT_PROTOTYPES = YES;
				CLANG_WARN_SUSPICIOUS_MOVE = YES;
				CLANG_WARN_UNGUARDED_AVAILABILITY = YES_AGGRESSIVE;
				CLANG_WARN_UNREACHABLE_CODE = YES;
				CLANG_WARN__DUPLICATE_METHOD_MATCH = YES;
				CODE_SIGN_IDENTITY = "iPhone Developer";
				COPY_PHASE_STRIP = NO;
				DEBUG_INFORMATION_FORMAT = dwarf;
				ENABLE_STRICT_OBJC_MSGSEND = YES;
				ENABLE_TESTABILITY = YES;
				GCC_C_LANGUAGE_STANDARD = gnu11;
				GCC_DYNAMIC_NO_PIC = NO;
				GCC_NO_COMMON_BLOCKS = YES;
				GCC_OPTIMIZATION_LEVEL = 0;
				GCC_PREPROCESSOR_DEFINITIONS = (
					"DEBUG=1",
					"$(inherited)",
				);
				GCC_WARN_64_TO_32_BIT_CONVERSION = YES;
				GCC_WARN_ABOUT_RETURN_TYPE = YES_ERROR;
				GCC_WARN_UNDECLARED_SELECTOR = YES;
				GCC_WARN_UNINITIALIZED_AUTOS = YES_AGGRESSIVE;
				GCC_WARN_UNUSED_FUNCTION = YES;
				GCC_WARN_UNUSED_VARIABLE = YES;
				IPHONEOS_DEPLOYMENT_TARGET = 12.4;
				MTL_ENABLE_DEBUG_INFO = INCLUDE_SOURCE;
				MTL_FAST_MATH = YES;
				ONLY_ACTIVE_ARCH = YES;
				SDKROOT = iphoneos;
				SWIFT_ACTIVE_COMPILATION_CONDITIONS = DEBUG;
				SWIFT_OPTIMIZATION_LEVEL = "-Onone";
			};
			name = Debug;
		};
		D677DA2425A369B00075C3F7 /* Release */ = {
			isa = XCBuildConfiguration;
			buildSettings = {
				ALWAYS_SEARCH_USER_PATHS = NO;
				CLANG_ANALYZER_NONNULL = YES;
				CLANG_ANALYZER_NUMBER_OBJECT_CONVERSION = YES_AGGRESSIVE;
				CLANG_CXX_LANGUAGE_STANDARD = "gnu++14";
				CLANG_CXX_LIBRARY = "libc++";
				CLANG_ENABLE_MODULES = YES;
				CLANG_ENABLE_OBJC_ARC = YES;
				CLANG_ENABLE_OBJC_WEAK = YES;
				CLANG_WARN_BLOCK_CAPTURE_AUTORELEASING = YES;
				CLANG_WARN_BOOL_CONVERSION = YES;
				CLANG_WARN_COMMA = YES;
				CLANG_WARN_CONSTANT_CONVERSION = YES;
				CLANG_WARN_DEPRECATED_OBJC_IMPLEMENTATIONS = YES;
				CLANG_WARN_DIRECT_OBJC_ISA_USAGE = YES_ERROR;
				CLANG_WARN_DOCUMENTATION_COMMENTS = YES;
				CLANG_WARN_EMPTY_BODY = YES;
				CLANG_WARN_ENUM_CONVERSION = YES;
				CLANG_WARN_INFINITE_RECURSION = YES;
				CLANG_WARN_INT_CONVERSION = YES;
				CLANG_WARN_NON_LITERAL_NULL_CONVERSION = YES;
				CLANG_WARN_OBJC_IMPLICIT_RETAIN_SELF = YES;
				CLANG_WARN_OBJC_LITERAL_CONVERSION = YES;
				CLANG_WARN_OBJC_ROOT_CLASS = YES_ERROR;
				CLANG_WARN_RANGE_LOOP_ANALYSIS = YES;
				CLANG_WARN_STRICT_PROTOTYPES = YES;
				CLANG_WARN_SUSPICIOUS_MOVE = YES;
				CLANG_WARN_UNGUARDED_AVAILABILITY = YES_AGGRESSIVE;
				CLANG_WARN_UNREACHABLE_CODE = YES;
				CLANG_WARN__DUPLICATE_METHOD_MATCH = YES;
				CODE_SIGN_IDENTITY = "iPhone Developer";
				COPY_PHASE_STRIP = NO;
				DEBUG_INFORMATION_FORMAT = "dwarf-with-dsym";
				ENABLE_NS_ASSERTIONS = NO;
				ENABLE_STRICT_OBJC_MSGSEND = YES;
				GCC_C_LANGUAGE_STANDARD = gnu11;
				GCC_NO_COMMON_BLOCKS = YES;
				GCC_WARN_64_TO_32_BIT_CONVERSION = YES;
				GCC_WARN_ABOUT_RETURN_TYPE = YES_ERROR;
				GCC_WARN_UNDECLARED_SELECTOR = YES;
				GCC_WARN_UNINITIALIZED_AUTOS = YES_AGGRESSIVE;
				GCC_WARN_UNUSED_FUNCTION = YES;
				GCC_WARN_UNUSED_VARIABLE = YES;
				IPHONEOS_DEPLOYMENT_TARGET = 12.4;
				MTL_ENABLE_DEBUG_INFO = NO;
				MTL_FAST_MATH = YES;
				SDKROOT = iphoneos;
				SWIFT_COMPILATION_MODE = wholemodule;
				SWIFT_OPTIMIZATION_LEVEL = "-O";
				VALIDATE_PRODUCT = YES;
			};
			name = Release;
		};
		D677DA2625A369B00075C3F7 /* Debug */ = {
			isa = XCBuildConfiguration;
			buildSettings = {
				ASSETCATALOG_COMPILER_APPICON_NAME = AppIcon;
				CODE_SIGN_STYLE = Automatic;
				DEVELOPMENT_TEAM = ZJ2KUL6LB4;
				INFOPLIST_FILE = "TempleRunner-IOS/Info.plist";
				LD_RUNPATH_SEARCH_PATHS = (
					"$(inherited)",
					"@executable_path/Frameworks",
				);
				PRODUCT_BUNDLE_IDENTIFIER = "fr.upmc.sar.TempleRunner-IOS";
				PRODUCT_NAME = "$(TARGET_NAME)";
				SWIFT_VERSION = 5.0;
				TARGETED_DEVICE_FAMILY = "1,2";
			};
			name = Debug;
		};
		D677DA2725A369B00075C3F7 /* Release */ = {
			isa = XCBuildConfiguration;
			buildSettings = {
				ASSETCATALOG_COMPILER_APPICON_NAME = AppIcon;
				CODE_SIGN_STYLE = Automatic;
				DEVELOPMENT_TEAM = ZJ2KUL6LB4;
				INFOPLIST_FILE = "TempleRunner-IOS/Info.plist";
				LD_RUNPATH_SEARCH_PATHS = (
					"$(inherited)",
					"@executable_path/Frameworks",
				);
				PRODUCT_BUNDLE_IDENTIFIER = "fr.upmc.sar.TempleRunner-IOS";
				PRODUCT_NAME = "$(TARGET_NAME)";
				SWIFT_VERSION = 5.0;
				TARGETED_DEVICE_FAMILY = "1,2";
			};
			name = Release;
		};
/* End XCBuildConfiguration section */

/* Begin XCConfigurationList section */
		D677DA0E25A369AF0075C3F7 /* Build configuration list for PBXProject "TempleRunner-IOS" */ = {
			isa = XCConfigurationList;
			buildConfigurations = (
				D677DA2325A369B00075C3F7 /* Debug */,
				D677DA2425A369B00075C3F7 /* Release */,
			);
			defaultConfigurationIsVisible = 0;
			defaultConfigurationName = Release;
		};
		D677DA2525A369B00075C3F7 /* Build configuration list for PBXNativeTarget "TempleRunner-IOS" */ = {
			isa = XCConfigurationList;
			buildConfigurations = (
				D677DA2625A369B00075C3F7 /* Debug */,
				D677DA2725A369B00075C3F7 /* Release */,
			);
			defaultConfigurationIsVisible = 0;
			defaultConfigurationName = Release;
		};
/* End XCConfigurationList section */
	};
	rootObject = D677DA0B25A369AF0075C3F7 /* Project object */;
}
